
Microsoft Visual Studio Solution File, Format Version 12.00
# Visual Studio Version 17
VisualStudioVersion = 17.3.32804.467
MinimumVisualStudioVersion = 10.0.40219.1
Project("{FAE04EC0-301F-11D3-BF4B-00C04F79EFBC}") = "HashTable", "HashTable\HashTable.csproj", "{DDD0E84D-F278-4802-B294-BC5D79F3A45C}"
EndProject
Global
	GlobalSection(SolutionConfigurationPlatforms) = preSolution
		Debug|Any CPU = Debug|Any CPU
		Release|Any CPU = Release|Any CPU
	EndGlobalSection
	GlobalSection(ProjectConfigurationPlatforms) = postSolution
		{DDD0E84D-F278-4802-B294-BC5D79F3A45C}.Debug|Any CPU.ActiveCfg = Debug|Any CPU
		{DDD0E84D-F278-4802-B294-BC5D79F3A45C}.Debug|Any CPU.Build.0 = Debug|Any CPU
		{DDD0E84D-F278-4802-B294-BC5D79F3A45C}.Release|Any CPU.ActiveCfg = Release|Any CPU
		{DDD0E84D-F278-4802-B294-BC5D79F3A45C}.Release|Any CPU.Build.0 = Release|Any CPU
	EndGlobalSection
	GlobalSection(SolutionProperties) = preSolution
		HideSolutionNode = FALSE
	EndGlobalSection
	GlobalSection(ExtensibilityGlobals) = postSolution
		SolutionGuid = {A14F95CF-DCBF-49D8-84BA-77E936D99748}
	EndGlobalSection
EndGlobal
